
Microsoft Visual Studio Solution File, Format Version 12.00
# Visual Studio 14
VisualStudioVersion = 14.0.24720.0
MinimumVisualStudioVersion = 10.0.40219.1
Project("{2150E333-8FDC-42A3-9474-1A3956D46DE8}") = "tests", "tests", "{A1C0D92B-A143-400D-843B-E81EFB2CAE82}"
EndProject
Project("{FAE04EC0-301F-11D3-BF4B-00C04F79EFBC}") = "Game.UnitTests", "tests\Game.UnitTests\Game.UnitTests.csproj", "{2FBDC222-8474-45D6-84FF-E65C16800873}"
EndProject
Project("{2150E333-8FDC-42A3-9474-1A3956D46DE8}") = "src", "src", "{8C3C6893-EAD3-403B-94B9-4C1E4AC55221}"
EndProject
Project("{FAE04EC0-301F-11D3-BF4B-00C04F79EFBC}") = "Game", "src\Game\Game.csproj", "{4B6C0262-D5AE-4530-B768-18BBAF6C2666}"
EndProject
Global
	GlobalSection(SolutionConfigurationPlatforms) = preSolution
		Debug|Any CPU = Debug|Any CPU
		Release|Any CPU = Release|Any CPU
	EndGlobalSection
	GlobalSection(ProjectConfigurationPlatforms) = postSolution
		{2FBDC222-8474-45D6-84FF-E65C16800873}.Debug|Any CPU.ActiveCfg = Debug|Any CPU
		{2FBDC222-8474-45D6-84FF-E65C16800873}.Debug|Any CPU.Build.0 = Debug|Any CPU
		{2FBDC222-8474-45D6-84FF-E65C16800873}.Release|Any CPU.ActiveCfg = Release|Any CPU
		{2FBDC222-8474-45D6-84FF-E65C16800873}.Release|Any CPU.Build.0 = Release|Any CPU
		{4B6C0262-D5AE-4530-B768-18BBAF6C2666}.Debug|Any CPU.ActiveCfg = Debug|Any CPU
		{4B6C0262-D5AE-4530-B768-18BBAF6C2666}.Debug|Any CPU.Build.0 = Debug|Any CPU
		{4B6C0262-D5AE-4530-B768-18BBAF6C2666}.Release|Any CPU.ActiveCfg = Release|Any CPU
		{4B6C0262-D5AE-4530-B768-18BBAF6C2666}.Release|Any CPU.Build.0 = Release|Any CPU
	EndGlobalSection
	GlobalSection(SolutionProperties) = preSolution
		HideSolutionNode = FALSE
	EndGlobalSection
	GlobalSection(NestedProjects) = preSolution
		{2FBDC222-8474-45D6-84FF-E65C16800873} = {A1C0D92B-A143-400D-843B-E81EFB2CAE82}
		{4B6C0262-D5AE-4530-B768-18BBAF6C2666} = {8C3C6893-EAD3-403B-94B9-4C1E4AC55221}
	EndGlobalSection
EndGlobal
